schema: '2.0'
stages:
  download:
    cmd: python scr/download_data.py
    deps:
    - path: scr/download_data.py
      hash: md5
      md5: af0c8c03e72aa39cce4df983d5130484
      size: 590
    outs:
    - path: data/raw/star_classification.csv
      hash: md5
      md5: bce06389286124270180cc96bf116584
      size: 16755863
  preprocess:
    cmd: python scr/preprocess.py
    deps:
    - path: data/raw/star_classification.csv
      hash: md5
      md5: bce06389286124270180cc96bf116584
      size: 16755863
    - path: scr/preprocess.py
      hash: md5
      md5: b57723cfdbc97550c5da902c362b5b74
      size: 1825
    outs:
    - path: data/processed/balanced_stars.csv
      hash: md5
      md5: 14c92cce085ed1dc642e0bfcc2ed36d9
      size: 5634276
  train:
    cmd: python scr/train.py
    deps:
    - path: data/processed/balanced_stars.csv
      hash: md5
      md5: 14c92cce085ed1dc642e0bfcc2ed36d9
      size: 5634276
    - path: scr/train.py
      hash: md5
      md5: 69e22950e04cbfea3cc60e9d3a83a1ef
      size: 1819
    outs:
    - path: metrics.json
      hash: md5
      md5: fd3f32744ca4ea4c7003a6534f245525
      size: 32
    - path: models/stellar_pipeline.joblib
      hash: md5
      md5: 1577eba918b40500123ce63c440e4ffd
      size: 70752630
